
Microsoft Visual Studio Solution File, Format Version 12.00
# Visual Studio Version 17
VisualStudioVersion = 17.7.34221.43
MinimumVisualStudioVersion = 10.0.40219.1
Project("{9A19103F-16F7-4668-BE54-9A1E7A4F7556}") = "FoodTrucks", "FoodTrucks\FoodTrucks.csproj", "{B37DFB8B-A93B-47A0-AE39-F7FFE6312F48}"
EndProject
Project("{9A19103F-16F7-4668-BE54-9A1E7A4F7556}") = "FoodTrucks.Tests", "FoodTrucks.Tests\FoodTrucks.Tests.csproj", "{B9ACF70A-F9F6-494C-91EC-7E2E7BCC75F2}"
EndProject
Global
	GlobalSection(SolutionConfigurationPlatforms) = preSolution
		Debug|Any CPU = Debug|Any CPU
		Release|Any CPU = Release|Any CPU
	EndGlobalSection
	GlobalSection(ProjectConfigurationPlatforms) = postSolution
		{B37DFB8B-A93B-47A0-AE39-F7FFE6312F48}.Debug|Any CPU.ActiveCfg = Debug|Any CPU
		{B37DFB8B-A93B-47A0-AE39-F7FFE6312F48}.Debug|Any CPU.Build.0 = Debug|Any CPU
		{B37DFB8B-A93B-47A0-AE39-F7FFE6312F48}.Release|Any CPU.ActiveCfg = Release|Any CPU
		{B37DFB8B-A93B-47A0-AE39-F7FFE6312F48}.Release|Any CPU.Build.0 = Release|Any CPU
		{B9ACF70A-F9F6-494C-91EC-7E2E7BCC75F2}.Debug|Any CPU.ActiveCfg = Debug|Any CPU
		{B9ACF70A-F9F6-494C-91EC-7E2E7BCC75F2}.Debug|Any CPU.Build.0 = Debug|Any CPU
		{B9ACF70A-F9F6-494C-91EC-7E2E7BCC75F2}.Release|Any CPU.ActiveCfg = Release|Any CPU
		{B9ACF70A-F9F6-494C-91EC-7E2E7BCC75F2}.Release|Any CPU.Build.0 = Release|Any CPU
	EndGlobalSection
	GlobalSection(SolutionProperties) = preSolution
		HideSolutionNode = FALSE
	EndGlobalSection
	GlobalSection(ExtensibilityGlobals) = postSolution
		SolutionGuid = {5ACAF5A1-4E73-47D5-AC15-9C007660AC3F}
	EndGlobalSection
EndGlobal
